
Microsoft Visual Studio Solution File, Format Version 12.00
Project("{FAE04EC0-301F-11D3-BF4B-00C04F79EFBC}") = "Kolokwium1", "Kolokwium1\Kolokwium1.csproj", "{B602245C-6484-4DE8-B0F3-778A9DCF8D12}"
EndProject
Project("{2150E333-8FDC-42A3-9474-1A3956D46DE8}") = "Solution Items", "Solution Items", "{9085C163-E747-4DDB-B77D-E716E25C5993}"
	ProjectSection(SolutionItems) = preProject
		docker-compose.yml = docker-compose.yml
	EndProjectSection
EndProject
Global
	GlobalSection(SolutionConfigurationPlatforms) = preSolution
		Debug|Any CPU = Debug|Any CPU
		Release|Any CPU = Release|Any CPU
	EndGlobalSection
	GlobalSection(ProjectConfigurationPlatforms) = postSolution
		{B602245C-6484-4DE8-B0F3-778A9DCF8D12}.Debug|Any CPU.ActiveCfg = Debug|Any CPU
		{B602245C-6484-4DE8-B0F3-778A9DCF8D12}.Debug|Any CPU.Build.0 = Debug|Any CPU
		{B602245C-6484-4DE8-B0F3-778A9DCF8D12}.Release|Any CPU.ActiveCfg = Release|Any CPU
		{B602245C-6484-4DE8-B0F3-778A9DCF8D12}.Release|Any CPU.Build.0 = Release|Any CPU
	EndGlobalSection
EndGlobal
